// !$*UTF8*$!
{
	archiveVersion = 1;
	classes = {
	};
	objectVersion = 48;
	objects = {

/* Begin PBXBuildFile section */
		2A56F422203050FB0011D095 /* SwiftWebSocket.framework in Frameworks */ = {isa = PBXBuildFile; fileRef = 2A56F421203050FB0011D095 /* SwiftWebSocket.framework */; };
		2A56F423203054990011D095 /* SwiftWebSocket.framework in Frameworks */ = {isa = PBXBuildFile; fileRef = 2A56F421203050FB0011D095 /* SwiftWebSocket.framework */; };
		2A56F424203054990011D095 /* SwiftWebSocket.framework in Embed Frameworks */ = {isa = PBXBuildFile; fileRef = 2A56F421203050FB0011D095 /* SwiftWebSocket.framework */; settings = {ATTRIBUTES = (CodeSignOnCopy, RemoveHeadersOnCopy, ); }; };
		2A56F42A20305F070011D095 /* AVFoundation.framework in Frameworks */ = {isa = PBXBuildFile; fileRef = 2A56F42920305F070011D095 /* AVFoundation.framework */; };
		2ADECE20203248E4003E84CE /* AppDelegate.swift in Sources */ = {isa = PBXBuildFile; fileRef = 2ADECE1B203248E4003E84CE /* AppDelegate.swift */; };
		2ADECE22203248E4003E84CE /* ViewController.swift in Sources */ = {isa = PBXBuildFile; fileRef = 2ADECE1D203248E4003E84CE /* ViewController.swift */; };
		2ADECE24203248E4003E84CE /* Assets.xcassets in Resources */ = {isa = PBXBuildFile; fileRef = 2ADECE1F203248E4003E84CE /* Assets.xcassets */; };
		2ADECE2720324903003E84CE /* LaunchScreen.storyboard in Resources */ = {isa = PBXBuildFile; fileRef = 2ADECE2520324903003E84CE /* LaunchScreen.storyboard */; };
		2ADECE2A20324972003E84CE /* Main.storyboard in Resources */ = {isa = PBXBuildFile; fileRef = 2ADECE2820324972003E84CE /* Main.storyboard */; };
		2AFBF65B2031B293006EF585 /* ExternalAccessory.framework in Frameworks */ = {isa = PBXBuildFile; fileRef = 2AFBF65A2031B293006EF585 /* ExternalAccessory.framework */; };
/* End PBXBuildFile section */

/* Begin PBXCopyFilesBuildPhase section */
		2A56F4252030549A0011D095 /* Embed Frameworks */ = {
			isa = PBXCopyFilesBuildPhase;
			buildActionMask = 2147483647;
			dstPath = "";
			dstSubfolderSpec = 10;
			files = (
				2A56F424203054990011D095 /* SwiftWebSocket.framework in Embed Frameworks */,
			);
			name = "Embed Frameworks";
			runOnlyForDeploymentPostprocessing = 0;
		};
/* End PBXCopyFilesBuildPhase section */

/* Begin PBXFileReference section */
		2A56F40B20304E430011D095 /* WebSocket.app */ = {isa = PBXFileReference; explicitFileType = wrapper.application; includeInIndex = 0; path = WebSocket.app; sourceTree = BUILT_PRODUCTS_DIR; };
		2A56F421203050FB0011D095 /* SwiftWebSocket.framework */ = {isa = PBXFileReference; lastKnownFileType = wrapper.framework; name = SwiftWebSocket.framework; path = Carthage/Build/iOS/SwiftWebSocket.framework; sourceTree = "<group>"; };
		2A56F42920305F070011D095 /* AVFoundation.framework */ = {isa = PBXFileReference; lastKnownFileType = wrapper.framework; name = AVFoundation.framework; path = System/Library/Frameworks/AVFoundation.framework; sourceTree = SDKROOT; };
		2ADECE11203245C3003E84CE /* Default-568h@2x.png */ = {isa = PBXFileReference; lastKnownFileType = image.png; path = "Default-568h@2x.png"; sourceTree = "<group>"; };
		2ADECE1B203248E4003E84CE /* AppDelegate.swift */ = {isa = PBXFileReference; fileEncoding = 4; lastKnownFileType = sourcecode.swift; name = AppDelegate.swift; path = WebSocket/AppDelegate.swift; sourceTree = "<group>"; };
		2ADECE1C203248E4003E84CE /* Info.plist */ = {isa = PBXFileReference; fileEncoding = 4; lastKnownFileType = text.plist.xml; name = Info.plist; path = WebSocket/Info.plist; sourceTree = "<group>"; };
		2ADECE1D203248E4003E84CE /* ViewController.swift */ = {isa = PBXFileReference; fileEncoding = 4; lastKnownFileType = sourcecode.swift; name = ViewController.swift; path = WebSocket/ViewController.swift; sourceTree = "<group>"; };
		2ADECE1F203248E4003E84CE /* Assets.xcassets */ = {isa = PBXFileReference; lastKnownFileType = folder.assetcatalog; name = Assets.xcassets; path = WebSocket/Assets.xcassets; sourceTree = "<group>"; };
		2ADECE2620324903003E84CE /* Base */ = {isa = PBXFileReference; lastKnownFileType = file.storyboard; name = Base; path = WebSocket/Base.lproj/LaunchScreen.storyboard; sourceTree = "<group>"; };
		2ADECE2920324972003E84CE /* Base */ = {isa = PBXFileReference; lastKnownFileType = file.storyboard; name = Base; path = WebSocket/Base.lproj/Main.storyboard; sourceTree = "<group>"; };
		2AFBF6562031B254006EF585 /* DoubleControlSDK.framework */ = {isa = PBXFileReference; lastKnownFileType = wrapper.framework; name = DoubleControlSDK.framework; path = "../../../Downloads/Basic-Control-SDK-iOS-master/DoubleControlSDK.framework"; sourceTree = "<group>"; };
		2AFBF65A2031B293006EF585 /* ExternalAccessory.framework */ = {isa = PBXFileReference; lastKnownFileType = wrapper.framework; name = ExternalAccessory.framework; path = System/Library/Frameworks/ExternalAccessory.framework; sourceTree = SDKROOT; };
/* End PBXFileReference section */

/* Begin PBXFrameworksBuildPhase section */
		2A56F40820304E430011D095 /* Frameworks */ = {
			isa = PBXFrameworksBuildPhase;
			buildActionMask = 2147483647;
			files = (
				2AFBF65B2031B293006EF585 /* ExternalAccessory.framework in Frameworks */,
				2A56F42A20305F070011D095 /* AVFoundation.framework in Frameworks */,
				2A56F423203054990011D095 /* SwiftWebSocket.framework in Frameworks */,
				2A56F422203050FB0011D095 /* SwiftWebSocket.framework in Frameworks */,
			);
			runOnlyForDeploymentPostprocessing = 0;
		};
/* End PBXFrameworksBuildPhase section */

/* Begin PBXGroup section */
		2A56F40220304E430011D095 = {
			isa = PBXGroup;
			children = (
				2ADECE11203245C3003E84CE /* Default-568h@2x.png */,
				2A56F40D20304E430011D095 /* WebSocket */,
				2A56F40C20304E430011D095 /* Products */,
				2A56F420203050FB0011D095 /* Frameworks */,
			);
			sourceTree = "<group>";
		};
		2A56F40C20304E430011D095 /* Products */ = {
			isa = PBXGroup;
			children = (
				2A56F40B20304E430011D095 /* WebSocket.app */,
			);
			name = Products;
			sourceTree = "<group>";
		};
		2A56F40D20304E430011D095 /* WebSocket */ = {
			isa = PBXGroup;
			children = (
				2ADECE2820324972003E84CE /* Main.storyboard */,
				2ADECE2520324903003E84CE /* LaunchScreen.storyboard */,
				2ADECE1B203248E4003E84CE /* AppDelegate.swift */,
				2ADECE1F203248E4003E84CE /* Assets.xcassets */,
				2ADECE1C203248E4003E84CE /* Info.plist */,
				2ADECE1D203248E4003E84CE /* ViewController.swift */,
			);
			name = WebSocket;
			sourceTree = "<group>";
		};
		2A56F420203050FB0011D095 /* Frameworks */ = {
			isa = PBXGroup;
			children = (
				2AFBF65A2031B293006EF585 /* ExternalAccessory.framework */,
				2AFBF6562031B254006EF585 /* DoubleControlSDK.framework */,
				2A56F42920305F070011D095 /* AVFoundation.framework */,
				2A56F421203050FB0011D095 /* SwiftWebSocket.framework */,
			);
			name = Frameworks;
			sourceTree = "<group>";
		};
/* End PBXGroup section */

/* Begin PBXNativeTarget section */
		2A56F40A20304E430011D095 /* WebSocket */ = {
			isa = PBXNativeTarget;
			buildConfigurationList = 2A56F41D20304E430011D095 /* Build configuration list for PBXNativeTarget "WebSocket" */;
			buildPhases = (
				2A56F40720304E430011D095 /* Sources */,
				2A56F40820304E430011D095 /* Frameworks */,
				2A56F40920304E430011D095 /* Resources */,
				2A56F4252030549A0011D095 /* Embed Frameworks */,
			);
			buildRules = (
			);
			dependencies = (
			);
			name = WebSocket;
			productName = WebSocket;
			productReference = 2A56F40B20304E430011D095 /* WebSocket.app */;
			productType = "com.apple.product-type.application";
		};
/* End PBXNativeTarget section */

/* Begin PBXProject section */
		2A56F40320304E430011D095 /* Project object */ = {
			isa = PBXProject;
			attributes = {
				LastSwiftUpdateCheck = 0920;
				LastUpgradeCheck = 0920;
				ORGANIZATIONNAME = "Luigi Secondo";
				TargetAttributes = {
					2A56F40A20304E430011D095 = {
						CreatedOnToolsVersion = 9.2;
						ProvisioningStyle = Automatic;
					};
				};
			};
			buildConfigurationList = 2A56F40620304E430011D095 /* Build configuration list for PBXProject "WebSocket" */;
			compatibilityVersion = "Xcode 8.0";
			developmentRegion = en;
			hasScannedForEncodings = 0;
			knownRegions = (
				en,
				Base,
			);
			mainGroup = 2A56F40220304E430011D095;
			productRefGroup = 2A56F40C20304E430011D095 /* Products */;
			projectDirPath = "";
			projectRoot = "";
			targets = (
				2A56F40A20304E430011D095 /* WebSocket */,
			);
		};
/* End PBXProject section */

/* Begin PBXResourcesBuildPhase section */
		2A56F40920304E430011D095 /* Resources */ = {
			isa = PBXResourcesBuildPhase;
			buildActionMask = 2147483647;
			files = (
				2ADECE2A20324972003E84CE /* Main.storyboard in Resources */,
				2ADECE2720324903003E84CE /* LaunchScreen.storyboard in Resources */,
				2ADECE24203248E4003E84CE /* Assets.xcassets in Resources */,
			);
			runOnlyForDeploymentPostprocessing = 0;
		};
/* End PBXResourcesBuildPhase section */

/* Begin PBXSourcesBuildPhase section */
		2A56F40720304E430011D095 /* Sources */ = {
			isa = PBXSourcesBuildPhase;
			buildActionMask = 2147483647;
			files = (
				2ADECE20203248E4003E84CE /* AppDelegate.swift in Sources */,
				2ADECE22203248E4003E84CE /* ViewController.swift in Sources */,
			);
			runOnlyForDeploymentPostprocessing = 0;
		};
/* End PBXSourcesBuildPhase section */

/* Begin PBXVariantGroup section */
		2ADECE2520324903003E84CE /* LaunchScreen.storyboard */ = {
			isa = PBXVariantGroup;
			children = (
				2ADECE2620324903003E84CE /* Base */,
			);
			name = LaunchScreen.storyboard;
			sourceTree = "<group>";
		};
		2ADECE2820324972003E84CE /* Main.storyboard */ = {
			isa = PBXVariantGroup;
			children = (
				2ADECE2920324972003E84CE /* Base */,
			);
			name = Main.storyboard;
			sourceTree = "<group>";
		};
/* End PBXVariantGroup section */

/* Begin XCBuildConfiguration section */
		2A56F41B20304E430011D095 /* Debug */ = {
			isa = XCBuildConfiguration;
			buildSettings = {
				ALWAYS_SEARCH_USER_PATHS = NO;
				CLANG_ANALYZER_NONNULL = YES;
				CLANG_ANALYZER_NUMBER_OBJECT_CONVERSION = YES_AGGRESSIVE;
				CLANG_CXX_LANGUAGE_STANDARD = "gnu++14";
				CLANG_CXX_LIBRARY = "libc++";
				CLANG_ENABLE_MODULES = YES;
				CLANG_ENABLE_OBJC_ARC = YES;
				CLANG_WARN_BLOCK_CAPTURE_AUTORELEASING = YES;
				CLANG_WARN_BOOL_CONVERSION = YES;
				CLANG_WARN_COMMA = YES;
				CLANG_WARN_CONSTANT_CONVERSION = YES;
				CLANG_WARN_DIRECT_OBJC_ISA_USAGE = YES_ERROR;
				CLANG_WARN_DOCUMENTATION_COMMENTS = YES;
				CLANG_WARN_EMPTY_BODY = YES;
				CLANG_WARN_ENUM_CONVERSION = YES;
				CLANG_WARN_INFINITE_RECURSION = YES;
				CLANG_WARN_INT_CONVERSION = YES;
				CLANG_WARN_NON_LITERAL_NULL_CONVERSION = YES;
				CLANG_WARN_OBJC_LITERAL_CONVERSION = YES;
				CLANG_WARN_OBJC_ROOT_CLASS = YES_ERROR;
				CLANG_WARN_RANGE_LOOP_ANALYSIS = YES;
				CLANG_WARN_STRICT_PROTOTYPES = YES;
				CLANG_WARN_SUSPICIOUS_MOVE = YES;
				CLANG_WARN_UNGUARDED_AVAILABILITY = YES_AGGRESSIVE;
				CLANG_WARN_UNREACHABLE_CODE = YES;
				CLANG_WARN__DUPLICATE_METHOD_MATCH = YES;
				CODE_SIGN_IDENTITY = "iPhone Developer";
				COPY_PHASE_STRIP = NO;
				DEBUG_INFORMATION_FORMAT = dwarf;
				ENABLE_STRICT_OBJC_MSGSEND = YES;
				ENABLE_TESTABILITY = YES;
				GCC_C_LANGUAGE_STANDARD = gnu11;
				GCC_DYNAMIC_NO_PIC = NO;
				GCC_NO_COMMON_BLOCKS = YES;
				GCC_OPTIMIZATION_LEVEL = 0;
				GCC_PREPROCESSOR_DEFINITIONS = (
					"DEBUG=1",
					"$(inherited)",
				);
				GCC_WARN_64_TO_32_BIT_CONVERSION = YES;
				GCC_WARN_ABOUT_RETURN_TYPE = YES_ERROR;
				GCC_WARN_UNDECLARED_SELECTOR = YES;
				GCC_WARN_UNINITIALIZED_AUTOS = YES_AGGRESSIVE;
				GCC_WARN_UNUSED_FUNCTION = YES;
				GCC_WARN_UNUSED_VARIABLE = YES;
				IPHONEOS_DEPLOYMENT_TARGET = 11.2;
				MTL_ENABLE_DEBUG_INFO = YES;
				ONLY_ACTIVE_ARCH = YES;
				SDKROOT = iphoneos;
				SWIFT_ACTIVE_COMPILATION_CONDITIONS = DEBUG;
				SWIFT_OPTIMIZATION_LEVEL = "-Onone";
			};
			name = Debug;
		};
		2A56F41C20304E430011D095 /* Release */ = {
			isa = XCBuildConfiguration;
			buildSettings = {
				ALWAYS_SEARCH_USER_PATHS = NO;
				CLANG_ANALYZER_NONNULL = YES;
				CLANG_ANALYZER_NUMBER_OBJECT_CONVERSION = YES_AGGRESSIVE;
				CLANG_CXX_LANGUAGE_STANDARD = "gnu++14";
				CLANG_CXX_LIBRARY = "libc++";
				CLANG_ENABLE_MODULES = YES;
				CLANG_ENABLE_OBJC_ARC = YES;
				CLANG_WARN_BLOCK_CAPTURE_AUTORELEASING = YES;
				CLANG_WARN_BOOL_CONVERSION = YES;
				CLANG_WARN_COMMA = YES;
				CLANG_WARN_CONSTANT_CONVERSION = YES;
				CLANG_WARN_DIRECT_OBJC_ISA_USAGE = YES_ERROR;
				CLANG_WARN_DOCUMENTATION_COMMENTS = YES;
				CLANG_WARN_EMPTY_BODY = YES;
				CLANG_WARN_ENUM_CONVERSION = YES;
				CLANG_WARN_INFINITE_RECURSION = YES;
				CLANG_WARN_INT_CONVERSION = YES;
				CLANG_WARN_NON_LITERAL_NULL_CONVERSION = YES;
				CLANG_WARN_OBJC_LITERAL_CONVERSION = YES;
				CLANG_WARN_OBJC_ROOT_CLASS = YES_ERROR;
				CLANG_WARN_RANGE_LOOP_ANALYSIS = YES;
				CLANG_WARN_STRICT_PROTOTYPES = YES;
				CLANG_WARN_SUSPICIOUS_MOVE = YES;
				CLANG_WARN_UNGUARDED_AVAILABILITY = YES_AGGRESSIVE;
				CLANG_WARN_UNREACHABLE_CODE = YES;
				CLANG_WARN__DUPLICATE_METHOD_MATCH = YES;
				CODE_SIGN_IDENTITY = "iPhone Developer";
				COPY_PHASE_STRIP = NO;
				DEBUG_INFORMATION_FORMAT = "dwarf-with-dsym";
				ENABLE_NS_ASSERTIONS = NO;
				ENABLE_STRICT_OBJC_MSGSEND = YES;
				GCC_C_LANGUAGE_STANDARD = gnu11;
				GCC_NO_COMMON_BLOCKS = YES;
				GCC_WARN_64_TO_32_BIT_CONVERSION = YES;
				GCC_WARN_ABOUT_RETURN_TYPE = YES_ERROR;
				GCC_WARN_UNDECLARED_SELECTOR = YES;
				GCC_WARN_UNINITIALIZED_AUTOS = YES_AGGRESSIVE;
				GCC_WARN_UNUSED_FUNCTION = YES;
				GCC_WARN_UNUSED_VARIABLE = YES;
				IPHONEOS_DEPLOYMENT_TARGET = 11.2;
				MTL_ENABLE_DEBUG_INFO = NO;
				SDKROOT = iphoneos;
				SWIFT_OPTIMIZATION_LEVEL = "-Owholemodule";
				VALIDATE_PRODUCT = YES;
			};
			name = Release;
		};
		2A56F41E20304E430011D095 /* Debug */ = {
			isa = XCBuildConfiguration;
			buildSettings = {
				ASSETCATALOG_COMPILER_APPICON_NAME = AppIcon;
				CODE_SIGN_STYLE = Automatic;
				DEVELOPMENT_TEAM = 38Y38QC3P4;
				FRAMEWORK_SEARCH_PATHS = (
					"$(inherited)",
					"$(PROJECT_DIR)/Carthage/Build/iOS",
					"$(PROJECT_DIR)",
				);
				INFOPLIST_FILE = WebSocket/Info.plist;
				IPHONEOS_DEPLOYMENT_TARGET = 8.3;
				LD_RUNPATH_SEARCH_PATHS = "$(inherited) @executable_path/Frameworks";
				PRODUCT_BUNDLE_IDENTIFIER = SocialD.WebSocket;
				PRODUCT_NAME = "$(TARGET_NAME)";
				SWIFT_VERSION = 4.0;
				TARGETED_DEVICE_FAMILY = 1;
			};
			name = Debug;
		};
		2A56F41F20304E430011D095 /* Release */ = {
			isa = XCBuildConfiguration;
			buildSettings = {
				ASSETCATALOG_COMPILER_APPICON_NAME = AppIcon;
				CODE_SIGN_STYLE = Automatic;
				DEVELOPMENT_TEAM = 38Y38QC3P4;
				FRAMEWORK_SEARCH_PATHS = (
					"$(inherited)",
					"$(PROJECT_DIR)/Carthage/Build/iOS",
					"$(PROJECT_DIR)",
				);
				INFOPLIST_FILE = WebSocket/Info.plist;
				IPHONEOS_DEPLOYMENT_TARGET = 8.3;
				LD_RUNPATH_SEARCH_PATHS = "$(inherited) @executable_path/Frameworks";
				PRODUCT_BUNDLE_IDENTIFIER = SocialD.WebSocket;
				PRODUCT_NAME = "$(TARGET_NAME)";
				SWIFT_VERSION = 4.0;
				TARGETED_DEVICE_FAMILY = 1;
			};
			name = Release;
		};
/* End XCBuildConfiguration section */

/* Begin XCConfigurationList section */
		2A56F40620304E430011D095 /* Build configuration list for PBXProject "WebSocket" */ = {
			isa = XCConfigurationList;
			buildConfigurations = (
				2A56F41B20304E430011D095 /* Debug */,
				2A56F41C20304E430011D095 /* Release */,
			);
			defaultConfigurationIsVisible = 0;
			defaultConfigurationName = Release;
		};
		2A56F41D20304E430011D095 /* Build configuration list for PBXNativeTarget "WebSocket" */ = {
			isa = XCConfigurationList;
			buildConfigurations = (
				2A56F41E20304E430011D095 /* Debug */,
				2A56F41F20304E430011D095 /* Release */,
			);
			defaultConfigurationIsVisible = 0;
			defaultConfigurationName = Release;
		};
/* End XCConfigurationList section */
	};
	rootObject = 2A56F40320304E430011D095 /* Project object */;
}
