// !$*UTF8*$!
{
	archiveVersion = 1;
	classes = {
	};
	objectVersion = 48;
	objects = {

/* Begin PBXBuildFile section */
		2A1E23A82024B48900C1C736 /* AppDelegate.swift in Sources */ = {isa = PBXBuildFile; fileRef = 2A1E23A72024B48900C1C736 /* AppDelegate.swift */; };
		2A1E23AA2024B48900C1C736 /* ViewController.swift in Sources */ = {isa = PBXBuildFile; fileRef = 2A1E23A92024B48900C1C736 /* ViewController.swift */; };
		2A1E23AD2024B48900C1C736 /* Main.storyboard in Resources */ = {isa = PBXBuildFile; fileRef = 2A1E23AB2024B48900C1C736 /* Main.storyboard */; };
		2A1E23AF2024B48900C1C736 /* Assets.xcassets in Resources */ = {isa = PBXBuildFile; fileRef = 2A1E23AE2024B48900C1C736 /* Assets.xcassets */; };
		2A1E23B22024B48900C1C736 /* LaunchScreen.storyboard in Resources */ = {isa = PBXBuildFile; fileRef = 2A1E23B02024B48900C1C736 /* LaunchScreen.storyboard */; };
		2E4474F345672AB12EE0BF36 /* Pods_Double_Speech.framework in Frameworks */ = {isa = PBXBuildFile; fileRef = 2A187A7E8EF1EF9BE60394E9 /* Pods_Double_Speech.framework */; };
/* End PBXBuildFile section */

/* Begin PBXFileReference section */
		2A187A7E8EF1EF9BE60394E9 /* Pods_Double_Speech.framework */ = {isa = PBXFileReference; explicitFileType = wrapper.framework; includeInIndex = 0; path = Pods_Double_Speech.framework; sourceTree = BUILT_PRODUCTS_DIR; };
		2A1E23A42024B48900C1C736 /* Double Speech.app */ = {isa = PBXFileReference; explicitFileType = wrapper.application; includeInIndex = 0; path = "Double Speech.app"; sourceTree = BUILT_PRODUCTS_DIR; };
		2A1E23A72024B48900C1C736 /* AppDelegate.swift */ = {isa = PBXFileReference; lastKnownFileType = sourcecode.swift; path = AppDelegate.swift; sourceTree = "<group>"; };
		2A1E23A92024B48900C1C736 /* ViewController.swift */ = {isa = PBXFileReference; lastKnownFileType = sourcecode.swift; path = ViewController.swift; sourceTree = "<group>"; };
		2A1E23AC2024B48900C1C736 /* Base */ = {isa = PBXFileReference; lastKnownFileType = file.storyboard; name = Base; path = Base.lproj/Main.storyboard; sourceTree = "<group>"; };
		2A1E23AE2024B48900C1C736 /* Assets.xcassets */ = {isa = PBXFileReference; lastKnownFileType = folder.assetcatalog; path = Assets.xcassets; sourceTree = "<group>"; };
		2A1E23B12024B48900C1C736 /* Base */ = {isa = PBXFileReference; lastKnownFileType = file.storyboard; name = Base; path = Base.lproj/LaunchScreen.storyboard; sourceTree = "<group>"; };
		2A1E23B32024B48900C1C736 /* Info.plist */ = {isa = PBXFileReference; lastKnownFileType = text.plist.xml; path = Info.plist; sourceTree = "<group>"; };
		3E9826C473BDFD12C68C9ED8 /* Pods-Double Speech.release.xcconfig */ = {isa = PBXFileReference; includeInIndex = 1; lastKnownFileType = text.xcconfig; name = "Pods-Double Speech.release.xcconfig"; path = "Pods/Target Support Files/Pods-Double Speech/Pods-Double Speech.release.xcconfig"; sourceTree = "<group>"; };
		A0B42BC57AA4D3C4DC413C76 /* Pods-Double Speech.debug.xcconfig */ = {isa = PBXFileReference; includeInIndex = 1; lastKnownFileType = text.xcconfig; name = "Pods-Double Speech.debug.xcconfig"; path = "Pods/Target Support Files/Pods-Double Speech/Pods-Double Speech.debug.xcconfig"; sourceTree = "<group>"; };
/* End PBXFileReference section */

/* Begin PBXFrameworksBuildPhase section */
		2A1E23A12024B48900C1C736 /* Frameworks */ = {
			isa = PBXFrameworksBuildPhase;
			buildActionMask = 2147483647;
			files = (
				2E4474F345672AB12EE0BF36 /* Pods_Double_Speech.framework in Frameworks */,
			);
			runOnlyForDeploymentPostprocessing = 0;
		};
/* End PBXFrameworksBuildPhase section */

/* Begin PBXGroup section */
		224C898D0E72FE014DF33459 /* Frameworks */ = {
			isa = PBXGroup;
			children = (
				2A187A7E8EF1EF9BE60394E9 /* Pods_Double_Speech.framework */,
			);
			name = Frameworks;
			sourceTree = "<group>";
		};
		2A1E239B2024B48900C1C736 = {
			isa = PBXGroup;
			children = (
				2A1E23A62024B48900C1C736 /* Double Speech */,
				2A1E23A52024B48900C1C736 /* Products */,
				C72D6A1CBBF35E8D6A9874C2 /* Pods */,
				224C898D0E72FE014DF33459 /* Frameworks */,
			);
			sourceTree = "<group>";
		};
		2A1E23A52024B48900C1C736 /* Products */ = {
			isa = PBXGroup;
			children = (
				2A1E23A42024B48900C1C736 /* Double Speech.app */,
			);
			name = Products;
			sourceTree = "<group>";
		};
		2A1E23A62024B48900C1C736 /* Double Speech */ = {
			isa = PBXGroup;
			children = (
				2A1E23A72024B48900C1C736 /* AppDelegate.swift */,
				2A1E23A92024B48900C1C736 /* ViewController.swift */,
				2A1E23AB2024B48900C1C736 /* Main.storyboard */,
				2A1E23AE2024B48900C1C736 /* Assets.xcassets */,
				2A1E23B02024B48900C1C736 /* LaunchScreen.storyboard */,
				2A1E23B32024B48900C1C736 /* Info.plist */,
			);
			path = "Double Speech";
			sourceTree = "<group>";
		};
		C72D6A1CBBF35E8D6A9874C2 /* Pods */ = {
			isa = PBXGroup;
			children = (
				A0B42BC57AA4D3C4DC413C76 /* Pods-Double Speech.debug.xcconfig */,
				3E9826C473BDFD12C68C9ED8 /* Pods-Double Speech.release.xcconfig */,
			);
			name = Pods;
			sourceTree = "<group>";
		};
/* End PBXGroup section */

/* Begin PBXNativeTarget section */
		2A1E23A32024B48900C1C736 /* Double Speech */ = {
			isa = PBXNativeTarget;
			buildConfigurationList = 2A1E23B62024B48900C1C736 /* Build configuration list for PBXNativeTarget "Double Speech" */;
			buildPhases = (
				EC3E2EE5E8F7133CCDCB9482 /* [CP] Check Pods Manifest.lock */,
				2A1E23A02024B48900C1C736 /* Sources */,
				2A1E23A12024B48900C1C736 /* Frameworks */,
				2A1E23A22024B48900C1C736 /* Resources */,
				76AB595C1BD17B85BCEB9C9A /* [CP] Embed Pods Frameworks */,
				5DD698590526A173F8CBA661 /* [CP] Copy Pods Resources */,
			);
			buildRules = (
			);
			dependencies = (
			);
			name = "Double Speech";
			productName = "Double Speech";
			productReference = 2A1E23A42024B48900C1C736 /* Double Speech.app */;
			productType = "com.apple.product-type.application";
		};
/* End PBXNativeTarget section */

/* Begin PBXProject section */
		2A1E239C2024B48900C1C736 /* Project object */ = {
			isa = PBXProject;
			attributes = {
				LastSwiftUpdateCheck = 0920;
				LastUpgradeCheck = 0920;
				ORGANIZATIONNAME = "Luigi Secondo";
				TargetAttributes = {
					2A1E23A32024B48900C1C736 = {
						CreatedOnToolsVersion = 9.2;
						ProvisioningStyle = Automatic;
					};
				};
			};
			buildConfigurationList = 2A1E239F2024B48900C1C736 /* Build configuration list for PBXProject "Double Speech" */;
			compatibilityVersion = "Xcode 8.0";
			developmentRegion = en;
			hasScannedForEncodings = 0;
			knownRegions = (
				en,
				Base,
			);
			mainGroup = 2A1E239B2024B48900C1C736;
			productRefGroup = 2A1E23A52024B48900C1C736 /* Products */;
			projectDirPath = "";
			projectRoot = "";
			targets = (
				2A1E23A32024B48900C1C736 /* Double Speech */,
			);
		};
/* End PBXProject section */

/* Begin PBXResourcesBuildPhase section */
		2A1E23A22024B48900C1C736 /* Resources */ = {
			isa = PBXResourcesBuildPhase;
			buildActionMask = 2147483647;
			files = (
				2A1E23B22024B48900C1C736 /* LaunchScreen.storyboard in Resources */,
				2A1E23AF2024B48900C1C736 /* Assets.xcassets in Resources */,
				2A1E23AD2024B48900C1C736 /* Main.storyboard in Resources */,
			);
			runOnlyForDeploymentPostprocessing = 0;
		};
/* End PBXResourcesBuildPhase section */

/* Begin PBXShellScriptBuildPhase section */
		5DD698590526A173F8CBA661 /* [CP] Copy Pods Resources */ = {
			isa = PBXShellScriptBuildPhase;
			buildActionMask = 2147483647;
			files = (
			);
			inputPaths = (
			);
			name = "[CP] Copy Pods Resources";
			outputPaths = (
			);
			runOnlyForDeploymentPostprocessing = 0;
			shellPath = /bin/sh;
			shellScript = "\"${SRCROOT}/Pods/Target Support Files/Pods-Double Speech/Pods-Double Speech-resources.sh\"\n";
			showEnvVarsInLog = 0;
		};
		76AB595C1BD17B85BCEB9C9A /* [CP] Embed Pods Frameworks */ = {
			isa = PBXShellScriptBuildPhase;
			buildActionMask = 2147483647;
			files = (
			);
			inputPaths = (
				"${SRCROOT}/Pods/Target Support Files/Pods-Double Speech/Pods-Double Speech-frameworks.sh",
				"${BUILT_PRODUCTS_DIR}/Starscream/Starscream.framework",
			);
			name = "[CP] Embed Pods Frameworks";
			outputPaths = (
				"${TARGET_BUILD_DIR}/${FRAMEWORKS_FOLDER_PATH}/Starscream.framework",
			);
			runOnlyForDeploymentPostprocessing = 0;
			shellPath = /bin/sh;
			shellScript = "\"${SRCROOT}/Pods/Target Support Files/Pods-Double Speech/Pods-Double Speech-frameworks.sh\"\n";
			showEnvVarsInLog = 0;
		};
		EC3E2EE5E8F7133CCDCB9482 /* [CP] Check Pods Manifest.lock */ = {
			isa = PBXShellScriptBuildPhase;
			buildActionMask = 2147483647;
			files = (
			);
			inputPaths = (
				"${PODS_PODFILE_DIR_PATH}/Podfile.lock",
				"${PODS_ROOT}/Manifest.lock",
			);
			name = "[CP] Check Pods Manifest.lock";
			outputPaths = (
				"$(DERIVED_FILE_DIR)/Pods-Double Speech-checkManifestLockResult.txt",
			);
			runOnlyForDeploymentPostprocessing = 0;
			shellPath = /bin/sh;
			shellScript = "diff \"${PODS_PODFILE_DIR_PATH}/Podfile.lock\" \"${PODS_ROOT}/Manifest.lock\" > /dev/null\nif [ $? != 0 ] ; then\n    # print error to STDERR\n    echo \"error: The sandbox is not in sync with the Podfile.lock. Run 'pod install' or update your CocoaPods installation.\" >&2\n    exit 1\nfi\n# This output is used by Xcode 'outputs' to avoid re-running this script phase.\necho \"SUCCESS\" > \"${SCRIPT_OUTPUT_FILE_0}\"\n";
			showEnvVarsInLog = 0;
		};
/* End PBXShellScriptBuildPhase section */

/* Begin PBXSourcesBuildPhase section */
		2A1E23A02024B48900C1C736 /* Sources */ = {
			isa = PBXSourcesBuildPhase;
			buildActionMask = 2147483647;
			files = (
				2A1E23AA2024B48900C1C736 /* ViewController.swift in Sources */,
				2A1E23A82024B48900C1C736 /* AppDelegate.swift in Sources */,
			);
			runOnlyForDeploymentPostprocessing = 0;
		};
/* End PBXSourcesBuildPhase section */

/* Begin PBXVariantGroup section */
		2A1E23AB2024B48900C1C736 /* Main.storyboard */ = {
			isa = PBXVariantGroup;
			children = (
				2A1E23AC2024B48900C1C736 /* Base */,
			);
			name = Main.storyboard;
			sourceTree = "<group>";
		};
		2A1E23B02024B48900C1C736 /* LaunchScreen.storyboard */ = {
			isa = PBXVariantGroup;
			children = (
				2A1E23B12024B48900C1C736 /* Base */,
			);
			name = LaunchScreen.storyboard;
			sourceTree = "<group>";
		};
/* End PBXVariantGroup section */

/* Begin XCBuildConfiguration section */
		2A1E23B42024B48900C1C736 /* Debug */ = {
			isa = XCBuildConfiguration;
			buildSettings = {
				ALWAYS_SEARCH_USER_PATHS = NO;
				CLANG_ANALYZER_NONNULL = YES;
				CLANG_ANALYZER_NUMBER_OBJECT_CONVERSION = YES_AGGRESSIVE;
				CLANG_CXX_LANGUAGE_STANDARD = "gnu++14";
				CLANG_CXX_LIBRARY = "libc++";
				CLANG_ENABLE_MODULES = YES;
				CLANG_ENABLE_OBJC_ARC = YES;
				CLANG_WARN_BLOCK_CAPTURE_AUTORELEASING = YES;
				CLANG_WARN_BOOL_CONVERSION = YES;
				CLANG_WARN_COMMA = YES;
				CLANG_WARN_CONSTANT_CONVERSION = YES;
				CLANG_WARN_DIRECT_OBJC_ISA_USAGE = YES_ERROR;
				CLANG_WARN_DOCUMENTATION_COMMENTS = YES;
				CLANG_WARN_EMPTY_BODY = YES;
				CLANG_WARN_ENUM_CONVERSION = YES;
				CLANG_WARN_INFINITE_RECURSION = YES;
				CLANG_WARN_INT_CONVERSION = YES;
				CLANG_WARN_NON_LITERAL_NULL_CONVERSION = YES;
				CLANG_WARN_OBJC_LITERAL_CONVERSION = YES;
				CLANG_WARN_OBJC_ROOT_CLASS = YES_ERROR;
				CLANG_WARN_RANGE_LOOP_ANALYSIS = YES;
				CLANG_WARN_STRICT_PROTOTYPES = YES;
				CLANG_WARN_SUSPICIOUS_MOVE = YES;
				CLANG_WARN_UNGUARDED_AVAILABILITY = YES_AGGRESSIVE;
				CLANG_WARN_UNREACHABLE_CODE = YES;
				CLANG_WARN__DUPLICATE_METHOD_MATCH = YES;
				CODE_SIGN_IDENTITY = "iPhone Developer";
				COPY_PHASE_STRIP = NO;
				DEBUG_INFORMATION_FORMAT = dwarf;
				ENABLE_STRICT_OBJC_MSGSEND = YES;
				ENABLE_TESTABILITY = YES;
				GCC_C_LANGUAGE_STANDARD = gnu11;
				GCC_DYNAMIC_NO_PIC = NO;
				GCC_NO_COMMON_BLOCKS = YES;
				GCC_OPTIMIZATION_LEVEL = 0;
				GCC_PREPROCESSOR_DEFINITIONS = (
					"DEBUG=1",
					"$(inherited)",
				);
				GCC_WARN_64_TO_32_BIT_CONVERSION = YES;
				GCC_WARN_ABOUT_RETURN_TYPE = YES_ERROR;
				GCC_WARN_UNDECLARED_SELECTOR = YES;
				GCC_WARN_UNINITIALIZED_AUTOS = YES_AGGRESSIVE;
				GCC_WARN_UNUSED_FUNCTION = YES;
				GCC_WARN_UNUSED_VARIABLE = YES;
				IPHONEOS_DEPLOYMENT_TARGET = 11.2;
				MTL_ENABLE_DEBUG_INFO = YES;
				ONLY_ACTIVE_ARCH = YES;
				SDKROOT = iphoneos;
				SWIFT_ACTIVE_COMPILATION_CONDITIONS = DEBUG;
				SWIFT_OPTIMIZATION_LEVEL = "-Onone";
			};
			name = Debug;
		};
		2A1E23B52024B48900C1C736 /* Release */ = {
			isa = XCBuildConfiguration;
			buildSettings = {
				ALWAYS_SEARCH_USER_PATHS = NO;
				CLANG_ANALYZER_NONNULL = YES;
				CLANG_ANALYZER_NUMBER_OBJECT_CONVERSION = YES_AGGRESSIVE;
				CLANG_CXX_LANGUAGE_STANDARD = "gnu++14";
				CLANG_CXX_LIBRARY = "libc++";
				CLANG_ENABLE_MODULES = YES;
				CLANG_ENABLE_OBJC_ARC = YES;
				CLANG_WARN_BLOCK_CAPTURE_AUTORELEASING = YES;
				CLANG_WARN_BOOL_CONVERSION = YES;
				CLANG_WARN_COMMA = YES;
				CLANG_WARN_CONSTANT_CONVERSION = YES;
				CLANG_WARN_DIRECT_OBJC_ISA_USAGE = YES_ERROR;
				CLANG_WARN_DOCUMENTATION_COMMENTS = YES;
				CLANG_WARN_EMPTY_BODY = YES;
				CLANG_WARN_ENUM_CONVERSION = YES;
				CLANG_WARN_INFINITE_RECURSION = YES;
				CLANG_WARN_INT_CONVERSION = YES;
				CLANG_WARN_NON_LITERAL_NULL_CONVERSION = YES;
				CLANG_WARN_OBJC_LITERAL_CONVERSION = YES;
				CLANG_WARN_OBJC_ROOT_CLASS = YES_ERROR;
				CLANG_WARN_RANGE_LOOP_ANALYSIS = YES;
				CLANG_WARN_STRICT_PROTOTYPES = YES;
				CLANG_WARN_SUSPICIOUS_MOVE = YES;
				CLANG_WARN_UNGUARDED_AVAILABILITY = YES_AGGRESSIVE;
				CLANG_WARN_UNREACHABLE_CODE = YES;
				CLANG_WARN__DUPLICATE_METHOD_MATCH = YES;
				CODE_SIGN_IDENTITY = "iPhone Developer";
				COPY_PHASE_STRIP = NO;
				DEBUG_INFORMATION_FORMAT = "dwarf-with-dsym";
				ENABLE_NS_ASSERTIONS = NO;
				ENABLE_STRICT_OBJC_MSGSEND = YES;
				GCC_C_LANGUAGE_STANDARD = gnu11;
				GCC_NO_COMMON_BLOCKS = YES;
				GCC_WARN_64_TO_32_BIT_CONVERSION = YES;
				GCC_WARN_ABOUT_RETURN_TYPE = YES_ERROR;
				GCC_WARN_UNDECLARED_SELECTOR = YES;
				GCC_WARN_UNINITIALIZED_AUTOS = YES_AGGRESSIVE;
				GCC_WARN_UNUSED_FUNCTION = YES;
				GCC_WARN_UNUSED_VARIABLE = YES;
				IPHONEOS_DEPLOYMENT_TARGET = 11.2;
				MTL_ENABLE_DEBUG_INFO = NO;
				SDKROOT = iphoneos;
				SWIFT_OPTIMIZATION_LEVEL = "-Owholemodule";
				VALIDATE_PRODUCT = YES;
			};
			name = Release;
		};
		2A1E23B72024B48900C1C736 /* Debug */ = {
			isa = XCBuildConfiguration;
			baseConfigurationReference = A0B42BC57AA4D3C4DC413C76 /* Pods-Double Speech.debug.xcconfig */;
			buildSettings = {
				ASSETCATALOG_COMPILER_APPICON_NAME = AppIcon;
				CODE_SIGN_STYLE = Automatic;
				DEVELOPMENT_TEAM = 38Y38QC3P4;
				INFOPLIST_FILE = "Double Speech/Info.plist";
				LD_RUNPATH_SEARCH_PATHS = "$(inherited) @executable_path/Frameworks";
				PRODUCT_BUNDLE_IDENTIFIER = "SocialD.Double-Speech";
				PRODUCT_NAME = "$(TARGET_NAME)";
				SWIFT_VERSION = 4.0;
				TARGETED_DEVICE_FAMILY = "1,2";
			};
			name = Debug;
		};
		2A1E23B82024B48900C1C736 /* Release */ = {
			isa = XCBuildConfiguration;
			baseConfigurationReference = 3E9826C473BDFD12C68C9ED8 /* Pods-Double Speech.release.xcconfig */;
			buildSettings = {
				ASSETCATALOG_COMPILER_APPICON_NAME = AppIcon;
				CODE_SIGN_STYLE = Automatic;
				DEVELOPMENT_TEAM = 38Y38QC3P4;
				INFOPLIST_FILE = "Double Speech/Info.plist";
				LD_RUNPATH_SEARCH_PATHS = "$(inherited) @executable_path/Frameworks";
				PRODUCT_BUNDLE_IDENTIFIER = "SocialD.Double-Speech";
				PRODUCT_NAME = "$(TARGET_NAME)";
				SWIFT_VERSION = 4.0;
				TARGETED_DEVICE_FAMILY = "1,2";
			};
			name = Release;
		};
/* End XCBuildConfiguration section */

/* Begin XCConfigurationList section */
		2A1E239F2024B48900C1C736 /* Build configuration list for PBXProject "Double Speech" */ = {
			isa = XCConfigurationList;
			buildConfigurations = (
				2A1E23B42024B48900C1C736 /* Debug */,
				2A1E23B52024B48900C1C736 /* Release */,
			);
			defaultConfigurationIsVisible = 0;
			defaultConfigurationName = Release;
		};
		2A1E23B62024B48900C1C736 /* Build configuration list for PBXNativeTarget "Double Speech" */ = {
			isa = XCConfigurationList;
			buildConfigurations = (
				2A1E23B72024B48900C1C736 /* Debug */,
				2A1E23B82024B48900C1C736 /* Release */,
			);
			defaultConfigurationIsVisible = 0;
			defaultConfigurationName = Release;
		};
/* End XCConfigurationList section */
	};
	rootObject = 2A1E239C2024B48900C1C736 /* Project object */;
}
