// !$*UTF8*$!
{
	archiveVersion = 1;
	classes = {
	};
	objectVersion = 48;
	objects = {

/* Begin PBXBuildFile section */
		2A4318472024CA2400013892 /* AppDelegate.swift in Sources */ = {isa = PBXBuildFile; fileRef = 2A4318462024CA2400013892 /* AppDelegate.swift */; };
		2A4318492024CA2400013892 /* ViewController.swift in Sources */ = {isa = PBXBuildFile; fileRef = 2A4318482024CA2400013892 /* ViewController.swift */; };
		2A43184C2024CA2400013892 /* Main.storyboard in Resources */ = {isa = PBXBuildFile; fileRef = 2A43184A2024CA2400013892 /* Main.storyboard */; };
		2A43184E2024CA2400013892 /* Assets.xcassets in Resources */ = {isa = PBXBuildFile; fileRef = 2A43184D2024CA2400013892 /* Assets.xcassets */; };
		2A4318512024CA2400013892 /* LaunchScreen.storyboard in Resources */ = {isa = PBXBuildFile; fileRef = 2A43184F2024CA2400013892 /* LaunchScreen.storyboard */; };
		2AAA2A082024CB520091119D /* Starscream.framework in Frameworks */ = {isa = PBXBuildFile; fileRef = 2AAA2A092024CB520091119D /* Starscream.framework */; };
		662EFBBBEAE740396ECDEB8A /* Pods_Double_Speech.framework in Frameworks */ = {isa = PBXBuildFile; fileRef = E595C28EEE102E3D17023792 /* Pods_Double_Speech.framework */; };
/* End PBXBuildFile section */

/* Begin PBXFileReference section */
		05EBFB74D9ABB77463B58F8D /* Pods-Double Speech.release.xcconfig */ = {isa = PBXFileReference; includeInIndex = 1; lastKnownFileType = text.xcconfig; name = "Pods-Double Speech.release.xcconfig"; path = "Pods/Target Support Files/Pods-Double Speech/Pods-Double Speech.release.xcconfig"; sourceTree = "<group>"; };
		2A4318432024CA2400013892 /* Double Speech.app */ = {isa = PBXFileReference; explicitFileType = wrapper.application; includeInIndex = 0; path = "Double Speech.app"; sourceTree = BUILT_PRODUCTS_DIR; };
		2A4318462024CA2400013892 /* AppDelegate.swift */ = {isa = PBXFileReference; lastKnownFileType = sourcecode.swift; path = AppDelegate.swift; sourceTree = "<group>"; };
		2A4318482024CA2400013892 /* ViewController.swift */ = {isa = PBXFileReference; lastKnownFileType = sourcecode.swift; path = ViewController.swift; sourceTree = "<group>"; };
		2A43184B2024CA2400013892 /* Base */ = {isa = PBXFileReference; lastKnownFileType = file.storyboard; name = Base; path = Base.lproj/Main.storyboard; sourceTree = "<group>"; };
		2A43184D2024CA2400013892 /* Assets.xcassets */ = {isa = PBXFileReference; lastKnownFileType = folder.assetcatalog; path = Assets.xcassets; sourceTree = "<group>"; };
		2A4318502024CA2400013892 /* Base */ = {isa = PBXFileReference; lastKnownFileType = file.storyboard; name = Base; path = Base.lproj/LaunchScreen.storyboard; sourceTree = "<group>"; };
		2A4318522024CA2400013892 /* Info.plist */ = {isa = PBXFileReference; lastKnownFileType = text.plist.xml; path = Info.plist; sourceTree = "<group>"; };
		2AAA2A092024CB520091119D /* Starscream.framework */ = {isa = PBXFileReference; explicitFileType = wrapper.framework; path = Starscream.framework; sourceTree = BUILT_PRODUCTS_DIR; };
		69B781D68B78D297CC202304 /* Pods-Double Speech.debug.xcconfig */ = {isa = PBXFileReference; includeInIndex = 1; lastKnownFileType = text.xcconfig; name = "Pods-Double Speech.debug.xcconfig"; path = "Pods/Target Support Files/Pods-Double Speech/Pods-Double Speech.debug.xcconfig"; sourceTree = "<group>"; };
		E595C28EEE102E3D17023792 /* Pods_Double_Speech.framework */ = {isa = PBXFileReference; explicitFileType = wrapper.framework; includeInIndex = 0; path = Pods_Double_Speech.framework; sourceTree = BUILT_PRODUCTS_DIR; };
/* End PBXFileReference section */

/* Begin PBXFrameworksBuildPhase section */
		2A4318402024CA2400013892 /* Frameworks */ = {
			isa = PBXFrameworksBuildPhase;
			buildActionMask = 2147483647;
			files = (
				2AAA2A082024CB520091119D /* Starscream.framework in Frameworks */,
				662EFBBBEAE740396ECDEB8A /* Pods_Double_Speech.framework in Frameworks */,
			);
			runOnlyForDeploymentPostprocessing = 0;
		};
/* End PBXFrameworksBuildPhase section */

/* Begin PBXGroup section */
		0AFFDC4F2E6AFA9DDC681434 /* Pods */ = {
			isa = PBXGroup;
			children = (
				69B781D68B78D297CC202304 /* Pods-Double Speech.debug.xcconfig */,
				05EBFB74D9ABB77463B58F8D /* Pods-Double Speech.release.xcconfig */,
			);
			name = Pods;
			sourceTree = "<group>";
		};
		2A43183A2024CA2400013892 = {
			isa = PBXGroup;
			children = (
				2A4318452024CA2400013892 /* Double Speech */,
				2A4318442024CA2400013892 /* Products */,
				0AFFDC4F2E6AFA9DDC681434 /* Pods */,
				E630139C94B48347EB75B40B /* Frameworks */,
			);
			sourceTree = "<group>";
		};
		2A4318442024CA2400013892 /* Products */ = {
			isa = PBXGroup;
			children = (
				2A4318432024CA2400013892 /* Double Speech.app */,
			);
			name = Products;
			sourceTree = "<group>";
		};
		2A4318452024CA2400013892 /* Double Speech */ = {
			isa = PBXGroup;
			children = (
				2A4318462024CA2400013892 /* AppDelegate.swift */,
				2A4318482024CA2400013892 /* ViewController.swift */,
				2A43184A2024CA2400013892 /* Main.storyboard */,
				2A43184D2024CA2400013892 /* Assets.xcassets */,
				2A43184F2024CA2400013892 /* LaunchScreen.storyboard */,
				2A4318522024CA2400013892 /* Info.plist */,
			);
			path = "Double Speech";
			sourceTree = "<group>";
		};
		E630139C94B48347EB75B40B /* Frameworks */ = {
			isa = PBXGroup;
			children = (
				2AAA2A092024CB520091119D /* Starscream.framework */,
				E595C28EEE102E3D17023792 /* Pods_Double_Speech.framework */,
			);
			name = Frameworks;
			sourceTree = "<group>";
		};
/* End PBXGroup section */

/* Begin PBXNativeTarget section */
		2A4318422024CA2400013892 /* Double Speech */ = {
			isa = PBXNativeTarget;
			buildConfigurationList = 2A4318552024CA2400013892 /* Build configuration list for PBXNativeTarget "Double Speech" */;
			buildPhases = (
				7FE3E0E6106515393E147B38 /* [CP] Check Pods Manifest.lock */,
				2A43183F2024CA2400013892 /* Sources */,
				2A4318402024CA2400013892 /* Frameworks */,
				2A4318412024CA2400013892 /* Resources */,
				E3BEE51AFF858E72846CD0AB /* [CP] Embed Pods Frameworks */,
				327FA9B4CB06775367231CC8 /* [CP] Copy Pods Resources */,
			);
			buildRules = (
			);
			dependencies = (
			);
			name = "Double Speech";
			productName = "Double Speech";
			productReference = 2A4318432024CA2400013892 /* Double Speech.app */;
			productType = "com.apple.product-type.application";
		};
/* End PBXNativeTarget section */

/* Begin PBXProject section */
		2A43183B2024CA2400013892 /* Project object */ = {
			isa = PBXProject;
			attributes = {
				LastSwiftUpdateCheck = 0920;
				LastUpgradeCheck = 0920;
				ORGANIZATIONNAME = "Luigi Secondo";
				TargetAttributes = {
					2A4318422024CA2400013892 = {
						CreatedOnToolsVersion = 9.2;
						ProvisioningStyle = Automatic;
					};
				};
			};
			buildConfigurationList = 2A43183E2024CA2400013892 /* Build configuration list for PBXProject "Double Speech" */;
			compatibilityVersion = "Xcode 8.0";
			developmentRegion = en;
			hasScannedForEncodings = 0;
			knownRegions = (
				en,
				Base,
			);
			mainGroup = 2A43183A2024CA2400013892;
			productRefGroup = 2A4318442024CA2400013892 /* Products */;
			projectDirPath = "";
			projectRoot = "";
			targets = (
				2A4318422024CA2400013892 /* Double Speech */,
			);
		};
/* End PBXProject section */

/* Begin PBXResourcesBuildPhase section */
		2A4318412024CA2400013892 /* Resources */ = {
			isa = PBXResourcesBuildPhase;
			buildActionMask = 2147483647;
			files = (
				2A4318512024CA2400013892 /* LaunchScreen.storyboard in Resources */,
				2A43184E2024CA2400013892 /* Assets.xcassets in Resources */,
				2A43184C2024CA2400013892 /* Main.storyboard in Resources */,
			);
			runOnlyForDeploymentPostprocessing = 0;
		};
/* End PBXResourcesBuildPhase section */

/* Begin PBXShellScriptBuildPhase section */
		327FA9B4CB06775367231CC8 /* [CP] Copy Pods Resources */ = {
			isa = PBXShellScriptBuildPhase;
			buildActionMask = 2147483647;
			files = (
			);
			inputPaths = (
			);
			name = "[CP] Copy Pods Resources";
			outputPaths = (
			);
			runOnlyForDeploymentPostprocessing = 0;
			shellPath = /bin/sh;
			shellScript = "\"${SRCROOT}/Pods/Target Support Files/Pods-Double Speech/Pods-Double Speech-resources.sh\"\n";
			showEnvVarsInLog = 0;
		};
		7FE3E0E6106515393E147B38 /* [CP] Check Pods Manifest.lock */ = {
			isa = PBXShellScriptBuildPhase;
			buildActionMask = 2147483647;
			files = (
			);
			inputPaths = (
				"${PODS_PODFILE_DIR_PATH}/Podfile.lock",
				"${PODS_ROOT}/Manifest.lock",
			);
			name = "[CP] Check Pods Manifest.lock";
			outputPaths = (
				"$(DERIVED_FILE_DIR)/Pods-Double Speech-checkManifestLockResult.txt",
			);
			runOnlyForDeploymentPostprocessing = 0;
			shellPath = /bin/sh;
			shellScript = "diff \"${PODS_PODFILE_DIR_PATH}/Podfile.lock\" \"${PODS_ROOT}/Manifest.lock\" > /dev/null\nif [ $? != 0 ] ; then\n    # print error to STDERR\n    echo \"error: The sandbox is not in sync with the Podfile.lock. Run 'pod install' or update your CocoaPods installation.\" >&2\n    exit 1\nfi\n# This output is used by Xcode 'outputs' to avoid re-running this script phase.\necho \"SUCCESS\" > \"${SCRIPT_OUTPUT_FILE_0}\"\n";
			showEnvVarsInLog = 0;
		};
		E3BEE51AFF858E72846CD0AB /* [CP] Embed Pods Frameworks */ = {
			isa = PBXShellScriptBuildPhase;
			buildActionMask = 2147483647;
			files = (
			);
			inputPaths = (
				"${SRCROOT}/Pods/Target Support Files/Pods-Double Speech/Pods-Double Speech-frameworks.sh",
				"${BUILT_PRODUCTS_DIR}/Starscream/Starscream.framework",
			);
			name = "[CP] Embed Pods Frameworks";
			outputPaths = (
				"${TARGET_BUILD_DIR}/${FRAMEWORKS_FOLDER_PATH}/Starscream.framework",
			);
			runOnlyForDeploymentPostprocessing = 0;
			shellPath = /bin/sh;
			shellScript = "\"${SRCROOT}/Pods/Target Support Files/Pods-Double Speech/Pods-Double Speech-frameworks.sh\"\n";
			showEnvVarsInLog = 0;
		};
/* End PBXShellScriptBuildPhase section */

/* Begin PBXSourcesBuildPhase section */
		2A43183F2024CA2400013892 /* Sources */ = {
			isa = PBXSourcesBuildPhase;
			buildActionMask = 2147483647;
			files = (
				2A4318492024CA2400013892 /* ViewController.swift in Sources */,
				2A4318472024CA2400013892 /* AppDelegate.swift in Sources */,
			);
			runOnlyForDeploymentPostprocessing = 0;
		};
/* End PBXSourcesBuildPhase section */

/* Begin PBXVariantGroup section */
		2A43184A2024CA2400013892 /* Main.storyboard */ = {
			isa = PBXVariantGroup;
			children = (
				2A43184B2024CA2400013892 /* Base */,
			);
			name = Main.storyboard;
			sourceTree = "<group>";
		};
		2A43184F2024CA2400013892 /* LaunchScreen.storyboard */ = {
			isa = PBXVariantGroup;
			children = (
				2A4318502024CA2400013892 /* Base */,
			);
			name = LaunchScreen.storyboard;
			sourceTree = "<group>";
		};
/* End PBXVariantGroup section */

/* Begin XCBuildConfiguration section */
		2A4318532024CA2400013892 /* Debug */ = {
			isa = XCBuildConfiguration;
			buildSettings = {
				ALWAYS_SEARCH_USER_PATHS = NO;
				CLANG_ANALYZER_NONNULL = YES;
				CLANG_ANALYZER_NUMBER_OBJECT_CONVERSION = YES_AGGRESSIVE;
				CLANG_CXX_LANGUAGE_STANDARD = "gnu++14";
				CLANG_CXX_LIBRARY = "libc++";
				CLANG_ENABLE_MODULES = YES;
				CLANG_ENABLE_OBJC_ARC = YES;
				CLANG_WARN_BLOCK_CAPTURE_AUTORELEASING = YES;
				CLANG_WARN_BOOL_CONVERSION = YES;
				CLANG_WARN_COMMA = YES;
				CLANG_WARN_CONSTANT_CONVERSION = YES;
				CLANG_WARN_DIRECT_OBJC_ISA_USAGE = YES_ERROR;
				CLANG_WARN_DOCUMENTATION_COMMENTS = YES;
				CLANG_WARN_EMPTY_BODY = YES;
				CLANG_WARN_ENUM_CONVERSION = YES;
				CLANG_WARN_INFINITE_RECURSION = YES;
				CLANG_WARN_INT_CONVERSION = YES;
				CLANG_WARN_NON_LITERAL_NULL_CONVERSION = YES;
				CLANG_WARN_OBJC_LITERAL_CONVERSION = YES;
				CLANG_WARN_OBJC_ROOT_CLASS = YES_ERROR;
				CLANG_WARN_RANGE_LOOP_ANALYSIS = YES;
				CLANG_WARN_STRICT_PROTOTYPES = YES;
				CLANG_WARN_SUSPICIOUS_MOVE = YES;
				CLANG_WARN_UNGUARDED_AVAILABILITY = YES_AGGRESSIVE;
				CLANG_WARN_UNREACHABLE_CODE = YES;
				CLANG_WARN__DUPLICATE_METHOD_MATCH = YES;
				CODE_SIGN_IDENTITY = "iPhone Developer";
				COPY_PHASE_STRIP = NO;
				DEBUG_INFORMATION_FORMAT = dwarf;
				ENABLE_STRICT_OBJC_MSGSEND = YES;
				ENABLE_TESTABILITY = YES;
				GCC_C_LANGUAGE_STANDARD = gnu11;
				GCC_DYNAMIC_NO_PIC = NO;
				GCC_NO_COMMON_BLOCKS = YES;
				GCC_OPTIMIZATION_LEVEL = 0;
				GCC_PREPROCESSOR_DEFINITIONS = (
					"DEBUG=1",
					"$(inherited)",
				);
				GCC_WARN_64_TO_32_BIT_CONVERSION = YES;
				GCC_WARN_ABOUT_RETURN_TYPE = YES_ERROR;
				GCC_WARN_UNDECLARED_SELECTOR = YES;
				GCC_WARN_UNINITIALIZED_AUTOS = YES_AGGRESSIVE;
				GCC_WARN_UNUSED_FUNCTION = YES;
				GCC_WARN_UNUSED_VARIABLE = YES;
				IPHONEOS_DEPLOYMENT_TARGET = 11.2;
				MTL_ENABLE_DEBUG_INFO = YES;
				ONLY_ACTIVE_ARCH = YES;
				SDKROOT = iphoneos;
				SWIFT_ACTIVE_COMPILATION_CONDITIONS = DEBUG;
				SWIFT_OPTIMIZATION_LEVEL = "-Onone";
			};
			name = Debug;
		};
		2A4318542024CA2400013892 /* Release */ = {
			isa = XCBuildConfiguration;
			buildSettings = {
				ALWAYS_SEARCH_USER_PATHS = NO;
				CLANG_ANALYZER_NONNULL = YES;
				CLANG_ANALYZER_NUMBER_OBJECT_CONVERSION = YES_AGGRESSIVE;
				CLANG_CXX_LANGUAGE_STANDARD = "gnu++14";
				CLANG_CXX_LIBRARY = "libc++";
				CLANG_ENABLE_MODULES = YES;
				CLANG_ENABLE_OBJC_ARC = YES;
				CLANG_WARN_BLOCK_CAPTURE_AUTORELEASING = YES;
				CLANG_WARN_BOOL_CONVERSION = YES;
				CLANG_WARN_COMMA = YES;
				CLANG_WARN_CONSTANT_CONVERSION = YES;
				CLANG_WARN_DIRECT_OBJC_ISA_USAGE = YES_ERROR;
				CLANG_WARN_DOCUMENTATION_COMMENTS = YES;
				CLANG_WARN_EMPTY_BODY = YES;
				CLANG_WARN_ENUM_CONVERSION = YES;
				CLANG_WARN_INFINITE_RECURSION = YES;
				CLANG_WARN_INT_CONVERSION = YES;
				CLANG_WARN_NON_LITERAL_NULL_CONVERSION = YES;
				CLANG_WARN_OBJC_LITERAL_CONVERSION = YES;
				CLANG_WARN_OBJC_ROOT_CLASS = YES_ERROR;
				CLANG_WARN_RANGE_LOOP_ANALYSIS = YES;
				CLANG_WARN_STRICT_PROTOTYPES = YES;
				CLANG_WARN_SUSPICIOUS_MOVE = YES;
				CLANG_WARN_UNGUARDED_AVAILABILITY = YES_AGGRESSIVE;
				CLANG_WARN_UNREACHABLE_CODE = YES;
				CLANG_WARN__DUPLICATE_METHOD_MATCH = YES;
				CODE_SIGN_IDENTITY = "iPhone Developer";
				COPY_PHASE_STRIP = NO;
				DEBUG_INFORMATION_FORMAT = "dwarf-with-dsym";
				ENABLE_NS_ASSERTIONS = NO;
				ENABLE_STRICT_OBJC_MSGSEND = YES;
				GCC_C_LANGUAGE_STANDARD = gnu11;
				GCC_NO_COMMON_BLOCKS = YES;
				GCC_WARN_64_TO_32_BIT_CONVERSION = YES;
				GCC_WARN_ABOUT_RETURN_TYPE = YES_ERROR;
				GCC_WARN_UNDECLARED_SELECTOR = YES;
				GCC_WARN_UNINITIALIZED_AUTOS = YES_AGGRESSIVE;
				GCC_WARN_UNUSED_FUNCTION = YES;
				GCC_WARN_UNUSED_VARIABLE = YES;
				IPHONEOS_DEPLOYMENT_TARGET = 11.2;
				MTL_ENABLE_DEBUG_INFO = NO;
				SDKROOT = iphoneos;
				SWIFT_OPTIMIZATION_LEVEL = "-Owholemodule";
				VALIDATE_PRODUCT = YES;
			};
			name = Release;
		};
		2A4318562024CA2400013892 /* Debug */ = {
			isa = XCBuildConfiguration;
			baseConfigurationReference = 69B781D68B78D297CC202304 /* Pods-Double Speech.debug.xcconfig */;
			buildSettings = {
				ASSETCATALOG_COMPILER_APPICON_NAME = AppIcon;
				CODE_SIGN_STYLE = Automatic;
				DEVELOPMENT_TEAM = 38Y38QC3P4;
				INFOPLIST_FILE = "Double Speech/Info.plist";
				LD_RUNPATH_SEARCH_PATHS = "$(inherited) @executable_path/Frameworks";
				PRODUCT_BUNDLE_IDENTIFIER = "SocialD.Double-Speech";
				PRODUCT_NAME = "$(TARGET_NAME)";
				SWIFT_VERSION = 4.0;
				TARGETED_DEVICE_FAMILY = "1,2";
			};
			name = Debug;
		};
		2A4318572024CA2400013892 /* Release */ = {
			isa = XCBuildConfiguration;
			baseConfigurationReference = 05EBFB74D9ABB77463B58F8D /* Pods-Double Speech.release.xcconfig */;
			buildSettings = {
				ASSETCATALOG_COMPILER_APPICON_NAME = AppIcon;
				CODE_SIGN_STYLE = Automatic;
				DEVELOPMENT_TEAM = 38Y38QC3P4;
				INFOPLIST_FILE = "Double Speech/Info.plist";
				LD_RUNPATH_SEARCH_PATHS = "$(inherited) @executable_path/Frameworks";
				PRODUCT_BUNDLE_IDENTIFIER = "SocialD.Double-Speech";
				PRODUCT_NAME = "$(TARGET_NAME)";
				SWIFT_VERSION = 4.0;
				TARGETED_DEVICE_FAMILY = "1,2";
			};
			name = Release;
		};
/* End XCBuildConfiguration section */

/* Begin XCConfigurationList section */
		2A43183E2024CA2400013892 /* Build configuration list for PBXProject "Double Speech" */ = {
			isa = XCConfigurationList;
			buildConfigurations = (
				2A4318532024CA2400013892 /* Debug */,
				2A4318542024CA2400013892 /* Release */,
			);
			defaultConfigurationIsVisible = 0;
			defaultConfigurationName = Release;
		};
		2A4318552024CA2400013892 /* Build configuration list for PBXNativeTarget "Double Speech" */ = {
			isa = XCConfigurationList;
			buildConfigurations = (
				2A4318562024CA2400013892 /* Debug */,
				2A4318572024CA2400013892 /* Release */,
			);
			defaultConfigurationIsVisible = 0;
			defaultConfigurationName = Release;
		};
/* End XCConfigurationList section */
	};
	rootObject = 2A43183B2024CA2400013892 /* Project object */;
}
