// !$*UTF8*$!
{
	archiveVersion = 1;
	classes = {
	};
	objectVersion = 46;
	objects = {

/* Begin PBXBuildFile section */
		5E86F4DB2028AB2600874752 /* SpeechSDK.framework in Frameworks */ = {isa = PBXBuildFile; fileRef = 5E86F4DA2028AB2600874752 /* SpeechSDK.framework */; };
		5E86F4DC2028AB2E00874752 /* SpeechSDK.framework in Frameworks */ = {isa = PBXBuildFile; fileRef = 5E86F4DA2028AB2600874752 /* SpeechSDK.framework */; };
		5E86F4DD2028AB2E00874752 /* SpeechSDK.framework in Embed Frameworks */ = {isa = PBXBuildFile; fileRef = 5E86F4DA2028AB2600874752 /* SpeechSDK.framework */; settings = {ATTRIBUTES = (CodeSignOnCopy, RemoveHeadersOnCopy, ); }; };
		5EADE3CF2025C8EC00746096 /* main.m in Sources */ = {isa = PBXBuildFile; fileRef = 5EADE3CE2025C8EC00746096 /* main.m */; };
		5EADE3D22025C8EC00746096 /* AppDelegate.m in Sources */ = {isa = PBXBuildFile; fileRef = 5EADE3D12025C8EC00746096 /* AppDelegate.m */; };
		5EADE3D52025C8EC00746096 /* ViewController.m in Sources */ = {isa = PBXBuildFile; fileRef = 5EADE3D42025C8EC00746096 /* ViewController.m */; };
		5EADE3D82025C8EC00746096 /* Main.storyboard in Resources */ = {isa = PBXBuildFile; fileRef = 5EADE3D62025C8EC00746096 /* Main.storyboard */; };
		5EADE3DA2025C8EC00746096 /* Assets.xcassets in Resources */ = {isa = PBXBuildFile; fileRef = 5EADE3D92025C8EC00746096 /* Assets.xcassets */; };
		5EADE3DD2025C8EC00746096 /* LaunchScreen.storyboard in Resources */ = {isa = PBXBuildFile; fileRef = 5EADE3DB2025C8EC00746096 /* LaunchScreen.storyboard */; };
/* End PBXBuildFile section */

/* Begin PBXCopyFilesBuildPhase section */
		5E86F4DE2028AB2E00874752 /* Embed Frameworks */ = {
			isa = PBXCopyFilesBuildPhase;
			buildActionMask = 2147483647;
			dstPath = "";
			dstSubfolderSpec = 10;
			files = (
				5E86F4DD2028AB2E00874752 /* SpeechSDK.framework in Embed Frameworks */,
			);
			name = "Embed Frameworks";
			runOnlyForDeploymentPostprocessing = 0;
		};
/* End PBXCopyFilesBuildPhase section */

/* Begin PBXFileReference section */
		5E86F4DA2028AB2600874752 /* SpeechSDK.framework */ = {isa = PBXFileReference; lastKnownFileType = wrapper.framework; path = SpeechSDK.framework; sourceTree = "<group>"; };
		5EADE3CA2025C8EC00746096 /* DoubleAssignment.app */ = {isa = PBXFileReference; explicitFileType = wrapper.application; includeInIndex = 0; path = DoubleAssignment.app; sourceTree = BUILT_PRODUCTS_DIR; };
		5EADE3CE2025C8EC00746096 /* main.m */ = {isa = PBXFileReference; lastKnownFileType = sourcecode.c.objc; path = main.m; sourceTree = "<group>"; };
		5EADE3D02025C8EC00746096 /* AppDelegate.h */ = {isa = PBXFileReference; lastKnownFileType = sourcecode.c.h; path = AppDelegate.h; sourceTree = "<group>"; };
		5EADE3D12025C8EC00746096 /* AppDelegate.m */ = {isa = PBXFileReference; lastKnownFileType = sourcecode.c.objc; path = AppDelegate.m; sourceTree = "<group>"; };
		5EADE3D32025C8EC00746096 /* ViewController.h */ = {isa = PBXFileReference; lastKnownFileType = sourcecode.c.h; path = ViewController.h; sourceTree = "<group>"; };
		5EADE3D42025C8EC00746096 /* ViewController.m */ = {isa = PBXFileReference; lastKnownFileType = sourcecode.c.objc; path = ViewController.m; sourceTree = "<group>"; };
		5EADE3D72025C8EC00746096 /* Base */ = {isa = PBXFileReference; lastKnownFileType = file.storyboard; name = Base; path = Base.lproj/Main.storyboard; sourceTree = "<group>"; };
		5EADE3D92025C8EC00746096 /* Assets.xcassets */ = {isa = PBXFileReference; lastKnownFileType = folder.assetcatalog; path = Assets.xcassets; sourceTree = "<group>"; };
		5EADE3DC2025C8EC00746096 /* Base */ = {isa = PBXFileReference; lastKnownFileType = file.storyboard; name = Base; path = Base.lproj/LaunchScreen.storyboard; sourceTree = "<group>"; };
		5EADE3DE2025C8EC00746096 /* Info.plist */ = {isa = PBXFileReference; lastKnownFileType = text.plist.xml; path = Info.plist; sourceTree = "<group>"; };
/* End PBXFileReference section */

/* Begin PBXFrameworksBuildPhase section */
		5EADE3C72025C8EC00746096 /* Frameworks */ = {
			isa = PBXFrameworksBuildPhase;
			buildActionMask = 2147483647;
			files = (
				5E86F4DB2028AB2600874752 /* SpeechSDK.framework in Frameworks */,
				5E86F4DC2028AB2E00874752 /* SpeechSDK.framework in Frameworks */,
			);
			runOnlyForDeploymentPostprocessing = 0;
		};
/* End PBXFrameworksBuildPhase section */

/* Begin PBXGroup section */
		5EADE3C12025C8EC00746096 = {
			isa = PBXGroup;
			children = (
				5E86F4DA2028AB2600874752 /* SpeechSDK.framework */,
				5EADE3CC2025C8EC00746096 /* DoubleAssignment */,
				5EADE3CB2025C8EC00746096 /* Products */,
				5EADE3E42025CEB200746096 /* Frameworks */,
			);
			sourceTree = "<group>";
		};
		5EADE3CB2025C8EC00746096 /* Products */ = {
			isa = PBXGroup;
			children = (
				5EADE3CA2025C8EC00746096 /* DoubleAssignment.app */,
			);
			name = Products;
			sourceTree = "<group>";
		};
		5EADE3CC2025C8EC00746096 /* DoubleAssignment */ = {
			isa = PBXGroup;
			children = (
				5EADE3D02025C8EC00746096 /* AppDelegate.h */,
				5EADE3D12025C8EC00746096 /* AppDelegate.m */,
				5EADE3D32025C8EC00746096 /* ViewController.h */,
				5EADE3D42025C8EC00746096 /* ViewController.m */,
				5EADE3D62025C8EC00746096 /* Main.storyboard */,
				5EADE3D92025C8EC00746096 /* Assets.xcassets */,
				5EADE3DB2025C8EC00746096 /* LaunchScreen.storyboard */,
				5EADE3DE2025C8EC00746096 /* Info.plist */,
				5EADE3CD2025C8EC00746096 /* Supporting Files */,
			);
			path = DoubleAssignment;
			sourceTree = "<group>";
		};
		5EADE3CD2025C8EC00746096 /* Supporting Files */ = {
			isa = PBXGroup;
			children = (
				5EADE3CE2025C8EC00746096 /* main.m */,
			);
			name = "Supporting Files";
			sourceTree = "<group>";
		};
		5EADE3E42025CEB200746096 /* Frameworks */ = {
			isa = PBXGroup;
			children = (
			);
			name = Frameworks;
			sourceTree = "<group>";
		};
/* End PBXGroup section */

/* Begin PBXNativeTarget section */
		5EADE3C92025C8EC00746096 /* DoubleAssignment */ = {
			isa = PBXNativeTarget;
			buildConfigurationList = 5EADE3E12025C8EC00746096 /* Build configuration list for PBXNativeTarget "DoubleAssignment" */;
			buildPhases = (
				5EADE3C62025C8EC00746096 /* Sources */,
				5EADE3C72025C8EC00746096 /* Frameworks */,
				5EADE3C82025C8EC00746096 /* Resources */,
				5E86F4DE2028AB2E00874752 /* Embed Frameworks */,
			);
			buildRules = (
			);
			dependencies = (
			);
			name = DoubleAssignment;
			productName = DoubleAssignment;
			productReference = 5EADE3CA2025C8EC00746096 /* DoubleAssignment.app */;
			productType = "com.apple.product-type.application";
		};
/* End PBXNativeTarget section */

/* Begin PBXProject section */
		5EADE3C22025C8EC00746096 /* Project object */ = {
			isa = PBXProject;
			attributes = {
				LastUpgradeCheck = 0830;
				ORGANIZATIONNAME = DoubleTeam;
				TargetAttributes = {
					5EADE3C92025C8EC00746096 = {
						CreatedOnToolsVersion = 8.3.2;
						DevelopmentTeam = 2Y27V3MU38;
						ProvisioningStyle = Automatic;
					};
				};
			};
			buildConfigurationList = 5EADE3C52025C8EC00746096 /* Build configuration list for PBXProject "DoubleAssignment" */;
			compatibilityVersion = "Xcode 3.2";
			developmentRegion = English;
			hasScannedForEncodings = 0;
			knownRegions = (
				en,
				Base,
			);
			mainGroup = 5EADE3C12025C8EC00746096;
			productRefGroup = 5EADE3CB2025C8EC00746096 /* Products */;
			projectDirPath = "";
			projectRoot = "";
			targets = (
				5EADE3C92025C8EC00746096 /* DoubleAssignment */,
			);
		};
/* End PBXProject section */

/* Begin PBXResourcesBuildPhase section */
		5EADE3C82025C8EC00746096 /* Resources */ = {
			isa = PBXResourcesBuildPhase;
			buildActionMask = 2147483647;
			files = (
				5EADE3DD2025C8EC00746096 /* LaunchScreen.storyboard in Resources */,
				5EADE3DA2025C8EC00746096 /* Assets.xcassets in Resources */,
				5EADE3D82025C8EC00746096 /* Main.storyboard in Resources */,
			);
			runOnlyForDeploymentPostprocessing = 0;
		};
/* End PBXResourcesBuildPhase section */

/* Begin PBXSourcesBuildPhase section */
		5EADE3C62025C8EC00746096 /* Sources */ = {
			isa = PBXSourcesBuildPhase;
			buildActionMask = 2147483647;
			files = (
				5EADE3D52025C8EC00746096 /* ViewController.m in Sources */,
				5EADE3D22025C8EC00746096 /* AppDelegate.m in Sources */,
				5EADE3CF2025C8EC00746096 /* main.m in Sources */,
			);
			runOnlyForDeploymentPostprocessing = 0;
		};
/* End PBXSourcesBuildPhase section */

/* Begin PBXVariantGroup section */
		5EADE3D62025C8EC00746096 /* Main.storyboard */ = {
			isa = PBXVariantGroup;
			children = (
				5EADE3D72025C8EC00746096 /* Base */,
			);
			name = Main.storyboard;
			sourceTree = "<group>";
		};
		5EADE3DB2025C8EC00746096 /* LaunchScreen.storyboard */ = {
			isa = PBXVariantGroup;
			children = (
				5EADE3DC2025C8EC00746096 /* Base */,
			);
			name = LaunchScreen.storyboard;
			sourceTree = "<group>";
		};
/* End PBXVariantGroup section */

/* Begin XCBuildConfiguration section */
		5EADE3DF2025C8EC00746096 /* Debug */ = {
			isa = XCBuildConfiguration;
			buildSettings = {
				ALWAYS_SEARCH_USER_PATHS = NO;
				CLANG_ANALYZER_NONNULL = YES;
				CLANG_ANALYZER_NUMBER_OBJECT_CONVERSION = YES_AGGRESSIVE;
				CLANG_CXX_LANGUAGE_STANDARD = "gnu++0x";
				CLANG_CXX_LIBRARY = "libc++";
				CLANG_ENABLE_MODULES = YES;
				CLANG_ENABLE_OBJC_ARC = YES;
				CLANG_WARN_BOOL_CONVERSION = YES;
				CLANG_WARN_CONSTANT_CONVERSION = YES;
				CLANG_WARN_DIRECT_OBJC_ISA_USAGE = YES_ERROR;
				CLANG_WARN_DOCUMENTATION_COMMENTS = YES;
				CLANG_WARN_EMPTY_BODY = YES;
				CLANG_WARN_ENUM_CONVERSION = YES;
				CLANG_WARN_INFINITE_RECURSION = YES;
				CLANG_WARN_INT_CONVERSION = YES;
				CLANG_WARN_OBJC_ROOT_CLASS = YES_ERROR;
				CLANG_WARN_SUSPICIOUS_MOVE = YES;
				CLANG_WARN_UNREACHABLE_CODE = YES;
				CLANG_WARN__DUPLICATE_METHOD_MATCH = YES;
				"CODE_SIGN_IDENTITY[sdk=iphoneos*]" = "iPhone Developer";
				COPY_PHASE_STRIP = NO;
				DEBUG_INFORMATION_FORMAT = dwarf;
				ENABLE_STRICT_OBJC_MSGSEND = YES;
				ENABLE_TESTABILITY = YES;
				GCC_C_LANGUAGE_STANDARD = gnu99;
				GCC_DYNAMIC_NO_PIC = NO;
				GCC_NO_COMMON_BLOCKS = YES;
				GCC_OPTIMIZATION_LEVEL = 0;
				GCC_PREPROCESSOR_DEFINITIONS = (
					"DEBUG=1",
					"$(inherited)",
				);
				GCC_WARN_64_TO_32_BIT_CONVERSION = YES;
				GCC_WARN_ABOUT_RETURN_TYPE = YES_ERROR;
				GCC_WARN_UNDECLARED_SELECTOR = YES;
				GCC_WARN_UNINITIALIZED_AUTOS = YES_AGGRESSIVE;
				GCC_WARN_UNUSED_FUNCTION = YES;
				GCC_WARN_UNUSED_VARIABLE = YES;
				IPHONEOS_DEPLOYMENT_TARGET = 10.3;
				MTL_ENABLE_DEBUG_INFO = YES;
				ONLY_ACTIVE_ARCH = YES;
				SDKROOT = iphoneos;
				TARGETED_DEVICE_FAMILY = 2;
			};
			name = Debug;
		};
		5EADE3E02025C8EC00746096 /* Release */ = {
			isa = XCBuildConfiguration;
			buildSettings = {
				ALWAYS_SEARCH_USER_PATHS = NO;
				CLANG_ANALYZER_NONNULL = YES;
				CLANG_ANALYZER_NUMBER_OBJECT_CONVERSION = YES_AGGRESSIVE;
				CLANG_CXX_LANGUAGE_STANDARD = "gnu++0x";
				CLANG_CXX_LIBRARY = "libc++";
				CLANG_ENABLE_MODULES = YES;
				CLANG_ENABLE_OBJC_ARC = YES;
				CLANG_WARN_BOOL_CONVERSION = YES;
				CLANG_WARN_CONSTANT_CONVERSION = YES;
				CLANG_WARN_DIRECT_OBJC_ISA_USAGE = YES_ERROR;
				CLANG_WARN_DOCUMENTATION_COMMENTS = YES;
				CLANG_WARN_EMPTY_BODY = YES;
				CLANG_WARN_ENUM_CONVERSION = YES;
				CLANG_WARN_INFINITE_RECURSION = YES;
				CLANG_WARN_INT_CONVERSION = YES;
				CLANG_WARN_OBJC_ROOT_CLASS = YES_ERROR;
				CLANG_WARN_SUSPICIOUS_MOVE = YES;
				CLANG_WARN_UNREACHABLE_CODE = YES;
				CLANG_WARN__DUPLICATE_METHOD_MATCH = YES;
				"CODE_SIGN_IDENTITY[sdk=iphoneos*]" = "iPhone Developer";
				COPY_PHASE_STRIP = NO;
				DEBUG_INFORMATION_FORMAT = "dwarf-with-dsym";
				ENABLE_NS_ASSERTIONS = NO;
				ENABLE_STRICT_OBJC_MSGSEND = YES;
				GCC_C_LANGUAGE_STANDARD = gnu99;
				GCC_NO_COMMON_BLOCKS = YES;
				GCC_WARN_64_TO_32_BIT_CONVERSION = YES;
				GCC_WARN_ABOUT_RETURN_TYPE = YES_ERROR;
				GCC_WARN_UNDECLARED_SELECTOR = YES;
				GCC_WARN_UNINITIALIZED_AUTOS = YES_AGGRESSIVE;
				GCC_WARN_UNUSED_FUNCTION = YES;
				GCC_WARN_UNUSED_VARIABLE = YES;
				IPHONEOS_DEPLOYMENT_TARGET = 10.3;
				MTL_ENABLE_DEBUG_INFO = NO;
				SDKROOT = iphoneos;
				TARGETED_DEVICE_FAMILY = 2;
				VALIDATE_PRODUCT = YES;
			};
			name = Release;
		};
		5EADE3E22025C8EC00746096 /* Debug */ = {
			isa = XCBuildConfiguration;
			buildSettings = {
				ASSETCATALOG_COMPILER_APPICON_NAME = AppIcon;
				DEVELOPMENT_TEAM = 2Y27V3MU38;
				FRAMEWORK_SEARCH_PATHS = (
					"$(inherited)",
					"$(PROJECT_DIR)",
				);
				INFOPLIST_FILE = DoubleAssignment/Info.plist;
				LD_RUNPATH_SEARCH_PATHS = "$(inherited) @executable_path/Frameworks";
				PRODUCT_BUNDLE_IDENTIFIER = Emaro.DoubleAssignment;
				PRODUCT_NAME = "$(TARGET_NAME)";
			};
			name = Debug;
		};
		5EADE3E32025C8EC00746096 /* Release */ = {
			isa = XCBuildConfiguration;
			buildSettings = {
				ASSETCATALOG_COMPILER_APPICON_NAME = AppIcon;
				DEVELOPMENT_TEAM = 2Y27V3MU38;
				FRAMEWORK_SEARCH_PATHS = (
					"$(inherited)",
					"$(PROJECT_DIR)",
				);
				INFOPLIST_FILE = DoubleAssignment/Info.plist;
				LD_RUNPATH_SEARCH_PATHS = "$(inherited) @executable_path/Frameworks";
				PRODUCT_BUNDLE_IDENTIFIER = Emaro.DoubleAssignment;
				PRODUCT_NAME = "$(TARGET_NAME)";
			};
			name = Release;
		};
/* End XCBuildConfiguration section */

/* Begin XCConfigurationList section */
		5EADE3C52025C8EC00746096 /* Build configuration list for PBXProject "DoubleAssignment" */ = {
			isa = XCConfigurationList;
			buildConfigurations = (
				5EADE3DF2025C8EC00746096 /* Debug */,
				5EADE3E02025C8EC00746096 /* Release */,
			);
			defaultConfigurationIsVisible = 0;
			defaultConfigurationName = Release;
		};
		5EADE3E12025C8EC00746096 /* Build configuration list for PBXNativeTarget "DoubleAssignment" */ = {
			isa = XCConfigurationList;
			buildConfigurations = (
				5EADE3E22025C8EC00746096 /* Debug */,
				5EADE3E32025C8EC00746096 /* Release */,
			);
			defaultConfigurationIsVisible = 0;
			defaultConfigurationName = Release;
		};
/* End XCConfigurationList section */
	};
	rootObject = 5EADE3C22025C8EC00746096 /* Project object */;
}
